
Microsoft Visual Studio Solution File, Format Version 12.00
# Visual Studio Version 17
VisualStudioVersion = 17.10.35013.160
MinimumVisualStudioVersion = 10.0.40219.1
Project("{2150E333-8FDC-42A3-9474-1A3956D46DE8}") = "API", "API", "{47B73882-94CE-4AB0-AF2F-DAAE153A6FE4}"
EndProject
Project("{2150E333-8FDC-42A3-9474-1A3956D46DE8}") = "Domain", "Domain", "{8A5BAA14-3F54-4CFB-8E8F-DE526A6B9FF8}"
EndProject
Project("{2150E333-8FDC-42A3-9474-1A3956D46DE8}") = "Infrastructure", "Infrastructure", "{BC9B8774-F33B-4624-8A1A-6100B2E04CC9}"
EndProject
Project("{2150E333-8FDC-42A3-9474-1A3956D46DE8}") = "Data", "Data", "{DF897F00-0734-4276-9DB0-DC5CCC91F56F}"
EndProject
Project("{2150E333-8FDC-42A3-9474-1A3956D46DE8}") = "Services", "Services", "{F97FBAF8-483A-4D17-A555-EE0283B38F75}"
EndProject
Project("{FAE04EC0-301F-11D3-BF4B-00C04F79EFBC}") = "Entities", "Entities\Entities.csproj", "{C20B43F2-3D7C-4F7C-AFDB-21F346B5C889}"
EndProject
Project("{FAE04EC0-301F-11D3-BF4B-00C04F79EFBC}") = "BaseSystem", "BaseSystem\BaseSystem.csproj", "{DAA27A0F-6E9C-44AB-8F66-6DCAB2CFB6E0}"
EndProject
Project("{FAE04EC0-301F-11D3-BF4B-00C04F79EFBC}") = "Database", "Database\Database.csproj", "{8BDF40AC-5181-4791-ABA4-1717FD91F307}"
EndProject
Project("{FAE04EC0-301F-11D3-BF4B-00C04F79EFBC}") = "Repository", "Repository\Repository.csproj", "{90AB4B57-7800-4E29-BAB8-D120708FAF6B}"
EndProject
Project("{FAE04EC0-301F-11D3-BF4B-00C04F79EFBC}") = "DTOs", "DTOs\DTOs.csproj", "{B5A3F0E8-A77C-434E-8A62-135BFBBB319D}"
EndProject
Project("{FAE04EC0-301F-11D3-BF4B-00C04F79EFBC}") = "APIController", "APIController\APIController.csproj", "{44FBAE90-0017-443C-8369-E87E3CC91AF7}"
EndProject
Project("{FAE04EC0-301F-11D3-BF4B-00C04F79EFBC}") = "SystemConfiguration", "SystemConfiguration\SystemConfiguration.csproj", "{94929105-6F6B-4B7B-963B-DE1C099258EC}"
EndProject
Project("{FAE04EC0-301F-11D3-BF4B-00C04F79EFBC}") = "Mapper", "Mapper\Mapper.csproj", "{253C6425-2660-4F15-9CA4-AF7444AB3300}"
EndProject
Project("{FAE04EC0-301F-11D3-BF4B-00C04F79EFBC}") = "CommonServices", "CommonServices\CommonServices.csproj", "{52550DAE-212E-453D-8C8F-AC8610975C71}"
EndProject
Project("{FAE04EC0-301F-11D3-BF4B-00C04F79EFBC}") = "SystemServices", "SystemServices\SystemServices.csproj", "{25C24EDC-5C6C-42A6-8825-F0856473EF6B}"
EndProject
Global
	GlobalSection(SolutionConfigurationPlatforms) = preSolution
		Debug|Any CPU = Debug|Any CPU
		Release|Any CPU = Release|Any CPU
	EndGlobalSection
	GlobalSection(ProjectConfigurationPlatforms) = postSolution
		{C20B43F2-3D7C-4F7C-AFDB-21F346B5C889}.Debug|Any CPU.ActiveCfg = Debug|Any CPU
		{C20B43F2-3D7C-4F7C-AFDB-21F346B5C889}.Debug|Any CPU.Build.0 = Debug|Any CPU
		{C20B43F2-3D7C-4F7C-AFDB-21F346B5C889}.Release|Any CPU.ActiveCfg = Release|Any CPU
		{C20B43F2-3D7C-4F7C-AFDB-21F346B5C889}.Release|Any CPU.Build.0 = Release|Any CPU
		{DAA27A0F-6E9C-44AB-8F66-6DCAB2CFB6E0}.Debug|Any CPU.ActiveCfg = Debug|Any CPU
		{DAA27A0F-6E9C-44AB-8F66-6DCAB2CFB6E0}.Debug|Any CPU.Build.0 = Debug|Any CPU
		{DAA27A0F-6E9C-44AB-8F66-6DCAB2CFB6E0}.Release|Any CPU.ActiveCfg = Release|Any CPU
		{DAA27A0F-6E9C-44AB-8F66-6DCAB2CFB6E0}.Release|Any CPU.Build.0 = Release|Any CPU
		{8BDF40AC-5181-4791-ABA4-1717FD91F307}.Debug|Any CPU.ActiveCfg = Debug|Any CPU
		{8BDF40AC-5181-4791-ABA4-1717FD91F307}.Debug|Any CPU.Build.0 = Debug|Any CPU
		{8BDF40AC-5181-4791-ABA4-1717FD91F307}.Release|Any CPU.ActiveCfg = Release|Any CPU
		{8BDF40AC-5181-4791-ABA4-1717FD91F307}.Release|Any CPU.Build.0 = Release|Any CPU
		{90AB4B57-7800-4E29-BAB8-D120708FAF6B}.Debug|Any CPU.ActiveCfg = Debug|Any CPU
		{90AB4B57-7800-4E29-BAB8-D120708FAF6B}.Debug|Any CPU.Build.0 = Debug|Any CPU
		{90AB4B57-7800-4E29-BAB8-D120708FAF6B}.Release|Any CPU.ActiveCfg = Release|Any CPU
		{90AB4B57-7800-4E29-BAB8-D120708FAF6B}.Release|Any CPU.Build.0 = Release|Any CPU
		{B5A3F0E8-A77C-434E-8A62-135BFBBB319D}.Debug|Any CPU.ActiveCfg = Debug|Any CPU
		{B5A3F0E8-A77C-434E-8A62-135BFBBB319D}.Debug|Any CPU.Build.0 = Debug|Any CPU
		{B5A3F0E8-A77C-434E-8A62-135BFBBB319D}.Release|Any CPU.ActiveCfg = Release|Any CPU
		{B5A3F0E8-A77C-434E-8A62-135BFBBB319D}.Release|Any CPU.Build.0 = Release|Any CPU
		{44FBAE90-0017-443C-8369-E87E3CC91AF7}.Debug|Any CPU.ActiveCfg = Debug|Any CPU
		{44FBAE90-0017-443C-8369-E87E3CC91AF7}.Debug|Any CPU.Build.0 = Debug|Any CPU
		{44FBAE90-0017-443C-8369-E87E3CC91AF7}.Release|Any CPU.ActiveCfg = Release|Any CPU
		{44FBAE90-0017-443C-8369-E87E3CC91AF7}.Release|Any CPU.Build.0 = Release|Any CPU
		{94929105-6F6B-4B7B-963B-DE1C099258EC}.Debug|Any CPU.ActiveCfg = Debug|Any CPU
		{94929105-6F6B-4B7B-963B-DE1C099258EC}.Debug|Any CPU.Build.0 = Debug|Any CPU
		{94929105-6F6B-4B7B-963B-DE1C099258EC}.Release|Any CPU.ActiveCfg = Release|Any CPU
		{94929105-6F6B-4B7B-963B-DE1C099258EC}.Release|Any CPU.Build.0 = Release|Any CPU
		{253C6425-2660-4F15-9CA4-AF7444AB3300}.Debug|Any CPU.ActiveCfg = Debug|Any CPU
		{253C6425-2660-4F15-9CA4-AF7444AB3300}.Debug|Any CPU.Build.0 = Debug|Any CPU
		{253C6425-2660-4F15-9CA4-AF7444AB3300}.Release|Any CPU.ActiveCfg = Release|Any CPU
		{253C6425-2660-4F15-9CA4-AF7444AB3300}.Release|Any CPU.Build.0 = Release|Any CPU
		{52550DAE-212E-453D-8C8F-AC8610975C71}.Debug|Any CPU.ActiveCfg = Debug|Any CPU
		{52550DAE-212E-453D-8C8F-AC8610975C71}.Debug|Any CPU.Build.0 = Debug|Any CPU
		{52550DAE-212E-453D-8C8F-AC8610975C71}.Release|Any CPU.ActiveCfg = Release|Any CPU
		{52550DAE-212E-453D-8C8F-AC8610975C71}.Release|Any CPU.Build.0 = Release|Any CPU
		{25C24EDC-5C6C-42A6-8825-F0856473EF6B}.Debug|Any CPU.ActiveCfg = Debug|Any CPU
		{25C24EDC-5C6C-42A6-8825-F0856473EF6B}.Debug|Any CPU.Build.0 = Debug|Any CPU
		{25C24EDC-5C6C-42A6-8825-F0856473EF6B}.Release|Any CPU.ActiveCfg = Release|Any CPU
		{25C24EDC-5C6C-42A6-8825-F0856473EF6B}.Release|Any CPU.Build.0 = Release|Any CPU
	EndGlobalSection
	GlobalSection(SolutionProperties) = preSolution
		HideSolutionNode = FALSE
	EndGlobalSection
	GlobalSection(NestedProjects) = preSolution
		{C20B43F2-3D7C-4F7C-AFDB-21F346B5C889} = {8A5BAA14-3F54-4CFB-8E8F-DE526A6B9FF8}
		{DAA27A0F-6E9C-44AB-8F66-6DCAB2CFB6E0} = {8A5BAA14-3F54-4CFB-8E8F-DE526A6B9FF8}
		{8BDF40AC-5181-4791-ABA4-1717FD91F307} = {DF897F00-0734-4276-9DB0-DC5CCC91F56F}
		{90AB4B57-7800-4E29-BAB8-D120708FAF6B} = {DF897F00-0734-4276-9DB0-DC5CCC91F56F}
		{B5A3F0E8-A77C-434E-8A62-135BFBBB319D} = {DF897F00-0734-4276-9DB0-DC5CCC91F56F}
		{44FBAE90-0017-443C-8369-E87E3CC91AF7} = {47B73882-94CE-4AB0-AF2F-DAAE153A6FE4}
		{94929105-6F6B-4B7B-963B-DE1C099258EC} = {BC9B8774-F33B-4624-8A1A-6100B2E04CC9}
		{253C6425-2660-4F15-9CA4-AF7444AB3300} = {BC9B8774-F33B-4624-8A1A-6100B2E04CC9}
		{52550DAE-212E-453D-8C8F-AC8610975C71} = {F97FBAF8-483A-4D17-A555-EE0283B38F75}
		{25C24EDC-5C6C-42A6-8825-F0856473EF6B} = {F97FBAF8-483A-4D17-A555-EE0283B38F75}
	EndGlobalSection
	GlobalSection(ExtensibilityGlobals) = postSolution
		SolutionGuid = {E17D15A8-E5AF-4434-8AAA-07791CB2D84A}
	EndGlobalSection
EndGlobal
